
Microsoft Visual Studio Solution File, Format Version 12.00
# Visual Studio Version 17
VisualStudioVersion = 17.5.002.0
MinimumVisualStudioVersion = 10.0.40219.1
Project("{2150E333-8FDC-42A3-9474-1A3956D46DE8}") = "sandbox", "sandbox", "{D3E6C24E-65F4-4A50-A235-B9DBE8CFD639}"
EndProject
Project("{9A19103F-16F7-4668-BE54-9A1E7A4F7556}") = "sandbox_project", "sandbox\sandbox_project\sandbox_project.csproj", "{F821A07A-0DA1-483F-B482-C25FE124151D}"
EndProject
Project("{2150E333-8FDC-42A3-9474-1A3956D46DE8}") = "week01", "week01", "{A1B0D3F5-E75D-4672-9739-FA049D87EEC4}"
EndProject
Project("{9A19103F-16F7-4668-BE54-9A1E7A4F7556}") = "analyze", "week01\analyze\analyze.csproj", "{6038894B-06CE-488A-ACFD-DBA983421A25}"
EndProject
Project("{9A19103F-16F7-4668-BE54-9A1E7A4F7556}") = "code", "week01\code\code.csproj", "{687BBED5-4549-40BC-85E9-9813CEA9FA4A}"
EndProject
Project("{9A19103F-16F7-4668-BE54-9A1E7A4F7556}") = "teach", "week01\teach\teach.csproj", "{C92241C6-E722-4050-9AB4-5A62B0523806}"
EndProject
Project("{2150E333-8FDC-42A3-9474-1A3956D46DE8}") = "week02", "week02", "{9C630A26-63B1-4027-A2FB-CEC922CD36C0}"
EndProject
Project("{9A19103F-16F7-4668-BE54-9A1E7A4F7556}") = "analyze", "week02\analyze\analyze.csproj", "{470A5082-24C6-459E-A483-154E39AE8273}"
EndProject
Project("{9A19103F-16F7-4668-BE54-9A1E7A4F7556}") = "code", "week02\code\code.csproj", "{B75067E6-563C-430B-A778-D10986CD4989}"
EndProject
Project("{9A19103F-16F7-4668-BE54-9A1E7A4F7556}") = "learn", "week02\learn\learn.csproj", "{248C9FA6-BD5E-4373-812C-3EA74ED1631A}"
EndProject
Project("{9A19103F-16F7-4668-BE54-9A1E7A4F7556}") = "teach", "week02\teach\teach.csproj", "{57DA5203-F279-423E-B306-927CA5474BD4}"
EndProject
Project("{2150E333-8FDC-42A3-9474-1A3956D46DE8}") = "week03", "week03", "{B84FA071-06BB-4BA7-B10E-7155EA2D23D5}"
EndProject
Project("{9A19103F-16F7-4668-BE54-9A1E7A4F7556}") = "code", "week03\code\code.csproj", "{869175AF-1AB5-4546-9207-AD26A9B01BC5}"
EndProject
Project("{9A19103F-16F7-4668-BE54-9A1E7A4F7556}") = "learn", "week03\learn\learn.csproj", "{5F00536E-7F57-4CC3-A66C-2195F9DA4C7C}"
EndProject
Project("{9A19103F-16F7-4668-BE54-9A1E7A4F7556}") = "teach", "week03\teach\teach.csproj", "{1222C723-B4A7-4A45-9B48-1281CFBE0776}"
EndProject
Project("{2150E333-8FDC-42A3-9474-1A3956D46DE8}") = "week04", "week04", "{2A2AB995-9E73-44DF-801F-DB64E3C7C7A3}"
EndProject
Project("{9A19103F-16F7-4668-BE54-9A1E7A4F7556}") = "code", "week04\code\code.csproj", "{F4E2709E-5FB6-41CF-8AE2-BBBC4F4E4E37}"
EndProject
Project("{2150E333-8FDC-42A3-9474-1A3956D46DE8}") = "week05", "week05", "{8108C630-FAC4-4E16-A2E0-04C9FEA43C02}"
EndProject
Project("{9A19103F-16F7-4668-BE54-9A1E7A4F7556}") = "code", "week05\code\code.csproj", "{93CCB82C-0A9E-4403-87F6-E759BA666ECB}"
EndProject
Project("{2150E333-8FDC-42A3-9474-1A3956D46DE8}") = "week06", "week06", "{3B9CEDEC-0FCF-49BE-B1EE-55E2B55DF0D8}"
EndProject
Project("{9A19103F-16F7-4668-BE54-9A1E7A4F7556}") = "code", "week06\code\code.csproj", "{A59FC3ED-FF60-4A0E-AE26-B3416EBF03A3}"
EndProject
Global
	GlobalSection(SolutionConfigurationPlatforms) = preSolution
		Debug|Any CPU = Debug|Any CPU
		Release|Any CPU = Release|Any CPU
	EndGlobalSection
	GlobalSection(ProjectConfigurationPlatforms) = postSolution
		{F821A07A-0DA1-483F-B482-C25FE124151D}.Debug|Any CPU.ActiveCfg = Debug|Any CPU
		{F821A07A-0DA1-483F-B482-C25FE124151D}.Debug|Any CPU.Build.0 = Debug|Any CPU
		{F821A07A-0DA1-483F-B482-C25FE124151D}.Release|Any CPU.ActiveCfg = Release|Any CPU
		{F821A07A-0DA1-483F-B482-C25FE124151D}.Release|Any CPU.Build.0 = Release|Any CPU
		{6038894B-06CE-488A-ACFD-DBA983421A25}.Debug|Any CPU.ActiveCfg = Debug|Any CPU
		{6038894B-06CE-488A-ACFD-DBA983421A25}.Debug|Any CPU.Build.0 = Debug|Any CPU
		{6038894B-06CE-488A-ACFD-DBA983421A25}.Release|Any CPU.ActiveCfg = Release|Any CPU
		{6038894B-06CE-488A-ACFD-DBA983421A25}.Release|Any CPU.Build.0 = Release|Any CPU
		{687BBED5-4549-40BC-85E9-9813CEA9FA4A}.Debug|Any CPU.ActiveCfg = Debug|Any CPU
		{687BBED5-4549-40BC-85E9-9813CEA9FA4A}.Debug|Any CPU.Build.0 = Debug|Any CPU
		{687BBED5-4549-40BC-85E9-9813CEA9FA4A}.Release|Any CPU.ActiveCfg = Release|Any CPU
		{687BBED5-4549-40BC-85E9-9813CEA9FA4A}.Release|Any CPU.Build.0 = Release|Any CPU
		{C92241C6-E722-4050-9AB4-5A62B0523806}.Debug|Any CPU.ActiveCfg = Debug|Any CPU
		{C92241C6-E722-4050-9AB4-5A62B0523806}.Debug|Any CPU.Build.0 = Debug|Any CPU
		{C92241C6-E722-4050-9AB4-5A62B0523806}.Release|Any CPU.ActiveCfg = Release|Any CPU
		{C92241C6-E722-4050-9AB4-5A62B0523806}.Release|Any CPU.Build.0 = Release|Any CPU
		{470A5082-24C6-459E-A483-154E39AE8273}.Debug|Any CPU.ActiveCfg = Debug|Any CPU
		{470A5082-24C6-459E-A483-154E39AE8273}.Debug|Any CPU.Build.0 = Debug|Any CPU
		{470A5082-24C6-459E-A483-154E39AE8273}.Release|Any CPU.ActiveCfg = Release|Any CPU
		{470A5082-24C6-459E-A483-154E39AE8273}.Release|Any CPU.Build.0 = Release|Any CPU
		{B75067E6-563C-430B-A778-D10986CD4989}.Debug|Any CPU.ActiveCfg = Debug|Any CPU
		{B75067E6-563C-430B-A778-D10986CD4989}.Debug|Any CPU.Build.0 = Debug|Any CPU
		{B75067E6-563C-430B-A778-D10986CD4989}.Release|Any CPU.ActiveCfg = Release|Any CPU
		{B75067E6-563C-430B-A778-D10986CD4989}.Release|Any CPU.Build.0 = Release|Any CPU
		{248C9FA6-BD5E-4373-812C-3EA74ED1631A}.Debug|Any CPU.ActiveCfg = Debug|Any CPU
		{248C9FA6-BD5E-4373-812C-3EA74ED1631A}.Debug|Any CPU.Build.0 = Debug|Any CPU
		{248C9FA6-BD5E-4373-812C-3EA74ED1631A}.Release|Any CPU.ActiveCfg = Release|Any CPU
		{248C9FA6-BD5E-4373-812C-3EA74ED1631A}.Release|Any CPU.Build.0 = Release|Any CPU
		{57DA5203-F279-423E-B306-927CA5474BD4}.Debug|Any CPU.ActiveCfg = Debug|Any CPU
		{57DA5203-F279-423E-B306-927CA5474BD4}.Debug|Any CPU.Build.0 = Debug|Any CPU
		{57DA5203-F279-423E-B306-927CA5474BD4}.Release|Any CPU.ActiveCfg = Release|Any CPU
		{57DA5203-F279-423E-B306-927CA5474BD4}.Release|Any CPU.Build.0 = Release|Any CPU
		{869175AF-1AB5-4546-9207-AD26A9B01BC5}.Debug|Any CPU.ActiveCfg = Debug|Any CPU
		{869175AF-1AB5-4546-9207-AD26A9B01BC5}.Debug|Any CPU.Build.0 = Debug|Any CPU
		{869175AF-1AB5-4546-9207-AD26A9B01BC5}.Release|Any CPU.ActiveCfg = Release|Any CPU
		{869175AF-1AB5-4546-9207-AD26A9B01BC5}.Release|Any CPU.Build.0 = Release|Any CPU
		{5F00536E-7F57-4CC3-A66C-2195F9DA4C7C}.Debug|Any CPU.ActiveCfg = Debug|Any CPU
		{5F00536E-7F57-4CC3-A66C-2195F9DA4C7C}.Debug|Any CPU.Build.0 = Debug|Any CPU
		{5F00536E-7F57-4CC3-A66C-2195F9DA4C7C}.Release|Any CPU.ActiveCfg = Release|Any CPU
		{5F00536E-7F57-4CC3-A66C-2195F9DA4C7C}.Release|Any CPU.Build.0 = Release|Any CPU
		{1222C723-B4A7-4A45-9B48-1281CFBE0776}.Debug|Any CPU.ActiveCfg = Debug|Any CPU
		{1222C723-B4A7-4A45-9B48-1281CFBE0776}.Debug|Any CPU.Build.0 = Debug|Any CPU
		{1222C723-B4A7-4A45-9B48-1281CFBE0776}.Release|Any CPU.ActiveCfg = Release|Any CPU
		{1222C723-B4A7-4A45-9B48-1281CFBE0776}.Release|Any CPU.Build.0 = Release|Any CPU
		{F4E2709E-5FB6-41CF-8AE2-BBBC4F4E4E37}.Debug|Any CPU.ActiveCfg = Debug|Any CPU
		{F4E2709E-5FB6-41CF-8AE2-BBBC4F4E4E37}.Debug|Any CPU.Build.0 = Debug|Any CPU
		{F4E2709E-5FB6-41CF-8AE2-BBBC4F4E4E37}.Release|Any CPU.ActiveCfg = Release|Any CPU
		{F4E2709E-5FB6-41CF-8AE2-BBBC4F4E4E37}.Release|Any CPU.Build.0 = Release|Any CPU
		{93CCB82C-0A9E-4403-87F6-E759BA666ECB}.Debug|Any CPU.ActiveCfg = Debug|Any CPU
		{93CCB82C-0A9E-4403-87F6-E759BA666ECB}.Debug|Any CPU.Build.0 = Debug|Any CPU
		{93CCB82C-0A9E-4403-87F6-E759BA666ECB}.Release|Any CPU.ActiveCfg = Release|Any CPU
		{93CCB82C-0A9E-4403-87F6-E759BA666ECB}.Release|Any CPU.Build.0 = Release|Any CPU
		{A59FC3ED-FF60-4A0E-AE26-B3416EBF03A3}.Debug|Any CPU.ActiveCfg = Debug|Any CPU
		{A59FC3ED-FF60-4A0E-AE26-B3416EBF03A3}.Debug|Any CPU.Build.0 = Debug|Any CPU
		{A59FC3ED-FF60-4A0E-AE26-B3416EBF03A3}.Release|Any CPU.ActiveCfg = Release|Any CPU
		{A59FC3ED-FF60-4A0E-AE26-B3416EBF03A3}.Release|Any CPU.Build.0 = Release|Any CPU
	EndGlobalSection
	GlobalSection(SolutionProperties) = preSolution
		HideSolutionNode = FALSE
	EndGlobalSection
	GlobalSection(NestedProjects) = preSolution
		{F821A07A-0DA1-483F-B482-C25FE124151D} = {D3E6C24E-65F4-4A50-A235-B9DBE8CFD639}
		{6038894B-06CE-488A-ACFD-DBA983421A25} = {A1B0D3F5-E75D-4672-9739-FA049D87EEC4}
		{687BBED5-4549-40BC-85E9-9813CEA9FA4A} = {A1B0D3F5-E75D-4672-9739-FA049D87EEC4}
		{C92241C6-E722-4050-9AB4-5A62B0523806} = {A1B0D3F5-E75D-4672-9739-FA049D87EEC4}
		{470A5082-24C6-459E-A483-154E39AE8273} = {9C630A26-63B1-4027-A2FB-CEC922CD36C0}
		{B75067E6-563C-430B-A778-D10986CD4989} = {9C630A26-63B1-4027-A2FB-CEC922CD36C0}
		{248C9FA6-BD5E-4373-812C-3EA74ED1631A} = {9C630A26-63B1-4027-A2FB-CEC922CD36C0}
		{57DA5203-F279-423E-B306-927CA5474BD4} = {9C630A26-63B1-4027-A2FB-CEC922CD36C0}
		{869175AF-1AB5-4546-9207-AD26A9B01BC5} = {B84FA071-06BB-4BA7-B10E-7155EA2D23D5}
		{5F00536E-7F57-4CC3-A66C-2195F9DA4C7C} = {B84FA071-06BB-4BA7-B10E-7155EA2D23D5}
		{1222C723-B4A7-4A45-9B48-1281CFBE0776} = {B84FA071-06BB-4BA7-B10E-7155EA2D23D5}
		{F4E2709E-5FB6-41CF-8AE2-BBBC4F4E4E37} = {2A2AB995-9E73-44DF-801F-DB64E3C7C7A3}
		{93CCB82C-0A9E-4403-87F6-E759BA666ECB} = {8108C630-FAC4-4E16-A2E0-04C9FEA43C02}
		{A59FC3ED-FF60-4A0E-AE26-B3416EBF03A3} = {3B9CEDEC-0FCF-49BE-B1EE-55E2B55DF0D8}
	EndGlobalSection
	GlobalSection(ExtensibilityGlobals) = postSolution
		SolutionGuid = {8A57C734-C92A-4D96-99A8-6951DA0091F4}
	EndGlobalSection
EndGlobal
